
Microsoft Visual Studio Solution File, Format Version 12.00
# Visual Studio Version 17
VisualStudioVersion = 17.1.32228.430
MinimumVisualStudioVersion = 10.0.40219.1
Project("{9A19103F-16F7-4668-BE54-9A1E7A4F7556}") = "ProcessMonitor.ConsoleApp", "ProcessMonitor.ConsoleApp\ProcessMonitor.ConsoleApp.csproj", "{A256D025-3003-4898-BBE4-EFC635D18473}"
EndProject
Project("{FAE04EC0-301F-11D3-BF4B-00C04F79EFBC}") = "ProcessMonitor.Service", "ProcessMonitor.Service\ProcessMonitor.Service.csproj", "{2A7385AA-8569-4778-8694-D96204A3C077}"
EndProject
Project("{9A19103F-16F7-4668-BE54-9A1E7A4F7556}") = "ProcesssMonitor.FunctionApp", "ProcesssMonitor.FunctionApp\ProcesssMonitor.FunctionApp.csproj", "{443D47DF-7EB8-43F9-866E-262C1C81215E}"
EndProject
Project("{9A19103F-16F7-4668-BE54-9A1E7A4F7556}") = "ProcessMonitor.WebApi", "ProcessMonitor.WebApi\ProcessMonitor.WebApi.csproj", "{265AC7EF-4656-4353-82C8-F33A8935CE4A}"
EndProject
Project("{FAE04EC0-301F-11D3-BF4B-00C04F79EFBC}") = "ProcessMonitor.ServiceHandler", "ProcessMonitor.ServiceHandler\ProcessMonitor.ServiceHandler.csproj", "{7E58BFC9-4F0D-46D6-B820-E11058C7D63A}"
EndProject
Global
	GlobalSection(SolutionConfigurationPlatforms) = preSolution
		Debug|Any CPU = Debug|Any CPU
		Release|Any CPU = Release|Any CPU
	EndGlobalSection
	GlobalSection(ProjectConfigurationPlatforms) = postSolution
		{A256D025-3003-4898-BBE4-EFC635D18473}.Debug|Any CPU.ActiveCfg = Debug|Any CPU
		{A256D025-3003-4898-BBE4-EFC635D18473}.Debug|Any CPU.Build.0 = Debug|Any CPU
		{A256D025-3003-4898-BBE4-EFC635D18473}.Release|Any CPU.ActiveCfg = Release|Any CPU
		{A256D025-3003-4898-BBE4-EFC635D18473}.Release|Any CPU.Build.0 = Release|Any CPU
		{2A7385AA-8569-4778-8694-D96204A3C077}.Debug|Any CPU.ActiveCfg = Debug|Any CPU
		{2A7385AA-8569-4778-8694-D96204A3C077}.Debug|Any CPU.Build.0 = Debug|Any CPU
		{2A7385AA-8569-4778-8694-D96204A3C077}.Release|Any CPU.ActiveCfg = Release|Any CPU
		{2A7385AA-8569-4778-8694-D96204A3C077}.Release|Any CPU.Build.0 = Release|Any CPU
		{443D47DF-7EB8-43F9-866E-262C1C81215E}.Debug|Any CPU.ActiveCfg = Debug|Any CPU
		{443D47DF-7EB8-43F9-866E-262C1C81215E}.Debug|Any CPU.Build.0 = Debug|Any CPU
		{443D47DF-7EB8-43F9-866E-262C1C81215E}.Release|Any CPU.ActiveCfg = Release|Any CPU
		{443D47DF-7EB8-43F9-866E-262C1C81215E}.Release|Any CPU.Build.0 = Release|Any CPU
		{265AC7EF-4656-4353-82C8-F33A8935CE4A}.Debug|Any CPU.ActiveCfg = Debug|Any CPU
		{265AC7EF-4656-4353-82C8-F33A8935CE4A}.Debug|Any CPU.Build.0 = Debug|Any CPU
		{265AC7EF-4656-4353-82C8-F33A8935CE4A}.Release|Any CPU.ActiveCfg = Release|Any CPU
		{265AC7EF-4656-4353-82C8-F33A8935CE4A}.Release|Any CPU.Build.0 = Release|Any CPU
		{7E58BFC9-4F0D-46D6-B820-E11058C7D63A}.Debug|Any CPU.ActiveCfg = Debug|Any CPU
		{7E58BFC9-4F0D-46D6-B820-E11058C7D63A}.Debug|Any CPU.Build.0 = Debug|Any CPU
		{7E58BFC9-4F0D-46D6-B820-E11058C7D63A}.Release|Any CPU.ActiveCfg = Release|Any CPU
		{7E58BFC9-4F0D-46D6-B820-E11058C7D63A}.Release|Any CPU.Build.0 = Release|Any CPU
	EndGlobalSection
	GlobalSection(SolutionProperties) = preSolution
		HideSolutionNode = FALSE
	EndGlobalSection
	GlobalSection(ExtensibilityGlobals) = postSolution
		SolutionGuid = {616322A2-7AF4-48AF-9242-1C29290A64DF}
	EndGlobalSection
EndGlobal
